
Microsoft Visual Studio Solution File, Format Version 12.00
# Visual Studio Version 17
VisualStudioVersion = 17.5.002.0
MinimumVisualStudioVersion = 10.0.40219.1
Project("{9A19103F-16F7-4668-BE54-9A1E7A4F7556}") = "NewTask", "NewTask\NewTask.csproj", "{1F364FA7-931D-4D50-A9D2-EADF5041F8A3}"
EndProject
Project("{9A19103F-16F7-4668-BE54-9A1E7A4F7556}") = "Worker", "Worker\Worker.csproj", "{67F009CD-96E5-487D-88D4-57B1EBB1E1BD}"
EndProject
Global
	GlobalSection(SolutionConfigurationPlatforms) = preSolution
		Debug|Any CPU = Debug|Any CPU
		Release|Any CPU = Release|Any CPU
	EndGlobalSection
	GlobalSection(ProjectConfigurationPlatforms) = postSolution
		{1F364FA7-931D-4D50-A9D2-EADF5041F8A3}.Debug|Any CPU.ActiveCfg = Debug|Any CPU
		{1F364FA7-931D-4D50-A9D2-EADF5041F8A3}.Debug|Any CPU.Build.0 = Debug|Any CPU
		{1F364FA7-931D-4D50-A9D2-EADF5041F8A3}.Release|Any CPU.ActiveCfg = Release|Any CPU
		{1F364FA7-931D-4D50-A9D2-EADF5041F8A3}.Release|Any CPU.Build.0 = Release|Any CPU
		{67F009CD-96E5-487D-88D4-57B1EBB1E1BD}.Debug|Any CPU.ActiveCfg = Debug|Any CPU
		{67F009CD-96E5-487D-88D4-57B1EBB1E1BD}.Debug|Any CPU.Build.0 = Debug|Any CPU
		{67F009CD-96E5-487D-88D4-57B1EBB1E1BD}.Release|Any CPU.ActiveCfg = Release|Any CPU
		{67F009CD-96E5-487D-88D4-57B1EBB1E1BD}.Release|Any CPU.Build.0 = Release|Any CPU
	EndGlobalSection
	GlobalSection(SolutionProperties) = preSolution
		HideSolutionNode = FALSE
	EndGlobalSection
	GlobalSection(ExtensibilityGlobals) = postSolution
		SolutionGuid = {D898EAFD-76CC-46CB-A2AB-B9BEAC7854F3}
	EndGlobalSection
EndGlobal
